
Microsoft Visual Studio Solution File, Format Version 12.00
# Visual Studio Version 16
VisualStudioVersion = 16.0.30509.190
MinimumVisualStudioVersion = 10.0.40219.1
Project("{2150E333-8FDC-42A3-9474-1A3956D46DE8}") = "src", "src", "{40B9D0E5-F9E1-45A9-B438-7B20B38A0843}"
EndProject
Project("{9A19103F-16F7-4668-BE54-9A1E7A4F7556}") = "InputComponents", "src\InputComponents\InputComponents.csproj", "{B08911EF-30AB-4BCD-B3C8-3BCB2CCC7E08}"
EndProject
Project("{9A19103F-16F7-4668-BE54-9A1E7A4F7556}") = "ShowcaseApp", "src\ShowcaseApp\ShowcaseApp.csproj", "{5F4B3AA1-E506-4ADD-82DB-F4DE273135EC}"
EndProject
Project("{2150E333-8FDC-42A3-9474-1A3956D46DE8}") = "etc", "etc", "{8AF17C74-1179-4392-9701-00F747F08448}"
	ProjectSection(SolutionItems) = preProject
		.gitignore = .gitignore
		README.md = README.md
	EndProjectSection
EndProject
Project("{2150E333-8FDC-42A3-9474-1A3956D46DE8}") = "tests", "tests", "{3D85EE79-6867-40E2-BB97-1211700907AB}"
EndProject
Project("{FAE04EC0-301F-11D3-BF4B-00C04F79EFBC}") = "VisualComponents", "src\VisualComponents\VisualComponents.csproj", "{F40D7AE9-2907-4071-9820-D5E0042FDE01}"
EndProject
Global
	GlobalSection(SolutionConfigurationPlatforms) = preSolution
		Debug|Any CPU = Debug|Any CPU
		Release|Any CPU = Release|Any CPU
	EndGlobalSection
	GlobalSection(ProjectConfigurationPlatforms) = postSolution
		{B08911EF-30AB-4BCD-B3C8-3BCB2CCC7E08}.Debug|Any CPU.ActiveCfg = Debug|Any CPU
		{B08911EF-30AB-4BCD-B3C8-3BCB2CCC7E08}.Debug|Any CPU.Build.0 = Debug|Any CPU
		{B08911EF-30AB-4BCD-B3C8-3BCB2CCC7E08}.Release|Any CPU.ActiveCfg = Release|Any CPU
		{B08911EF-30AB-4BCD-B3C8-3BCB2CCC7E08}.Release|Any CPU.Build.0 = Release|Any CPU
		{5F4B3AA1-E506-4ADD-82DB-F4DE273135EC}.Debug|Any CPU.ActiveCfg = Debug|Any CPU
		{5F4B3AA1-E506-4ADD-82DB-F4DE273135EC}.Debug|Any CPU.Build.0 = Debug|Any CPU
		{5F4B3AA1-E506-4ADD-82DB-F4DE273135EC}.Release|Any CPU.ActiveCfg = Release|Any CPU
		{5F4B3AA1-E506-4ADD-82DB-F4DE273135EC}.Release|Any CPU.Build.0 = Release|Any CPU
		{F40D7AE9-2907-4071-9820-D5E0042FDE01}.Debug|Any CPU.ActiveCfg = Debug|Any CPU
		{F40D7AE9-2907-4071-9820-D5E0042FDE01}.Debug|Any CPU.Build.0 = Debug|Any CPU
		{F40D7AE9-2907-4071-9820-D5E0042FDE01}.Release|Any CPU.ActiveCfg = Release|Any CPU
		{F40D7AE9-2907-4071-9820-D5E0042FDE01}.Release|Any CPU.Build.0 = Release|Any CPU
	EndGlobalSection
	GlobalSection(SolutionProperties) = preSolution
		HideSolutionNode = FALSE
	EndGlobalSection
	GlobalSection(NestedProjects) = preSolution
		{B08911EF-30AB-4BCD-B3C8-3BCB2CCC7E08} = {40B9D0E5-F9E1-45A9-B438-7B20B38A0843}
		{5F4B3AA1-E506-4ADD-82DB-F4DE273135EC} = {40B9D0E5-F9E1-45A9-B438-7B20B38A0843}
		{F40D7AE9-2907-4071-9820-D5E0042FDE01} = {40B9D0E5-F9E1-45A9-B438-7B20B38A0843}
	EndGlobalSection
	GlobalSection(ExtensibilityGlobals) = postSolution
		SolutionGuid = {6FBCEAB2-2218-4F3D-B0A5-45FE027E7635}
	EndGlobalSection
EndGlobal
